
Microsoft Visual Studio Solution File, Format Version 12.00
Project("{FAE04EC0-301F-11D3-BF4B-00C04F79EFBC}") = "Hello-Dapr-Cli", "Hello-Dapr-Cli\Hello-Dapr-Cli.csproj", "{339C8209-3813-4FD7-AAA6-941AA79E861A}"
EndProject
Global
	GlobalSection(SolutionConfigurationPlatforms) = preSolution
		Debug|Any CPU = Debug|Any CPU
		Release|Any CPU = Release|Any CPU
	EndGlobalSection
	GlobalSection(ProjectConfigurationPlatforms) = postSolution
		{339C8209-3813-4FD7-AAA6-941AA79E861A}.Debug|Any CPU.ActiveCfg = Debug|Any CPU
		{339C8209-3813-4FD7-AAA6-941AA79E861A}.Debug|Any CPU.Build.0 = Debug|Any CPU
		{339C8209-3813-4FD7-AAA6-941AA79E861A}.Release|Any CPU.ActiveCfg = Release|Any CPU
		{339C8209-3813-4FD7-AAA6-941AA79E861A}.Release|Any CPU.Build.0 = Release|Any CPU
	EndGlobalSection
EndGlobal
